
Microsoft Visual Studio Solution File, Format Version 12.00
# Visual Studio Version 17
VisualStudioVersion = 17.14.36414.22 d17.14
MinimumVisualStudioVersion = 10.0.40219.1
Project("{FAE04EC0-301F-11D3-BF4B-00C04F79EFBC}") = "7.FiltrarNumPares.api", "7.FiltrarNumPares.api\7.FiltrarNumPares.api.csproj", "{DAB32AD2-1887-4573-90D1-F08AA64A5F57}"
EndProject
Global
	GlobalSection(SolutionConfigurationPlatforms) = preSolution
		Debug|Any CPU = Debug|Any CPU
		Release|Any CPU = Release|Any CPU
	EndGlobalSection
	GlobalSection(ProjectConfigurationPlatforms) = postSolution
		{DAB32AD2-1887-4573-90D1-F08AA64A5F57}.Debug|Any CPU.ActiveCfg = Debug|Any CPU
		{DAB32AD2-1887-4573-90D1-F08AA64A5F57}.Debug|Any CPU.Build.0 = Debug|Any CPU
		{DAB32AD2-1887-4573-90D1-F08AA64A5F57}.Release|Any CPU.ActiveCfg = Release|Any CPU
		{DAB32AD2-1887-4573-90D1-F08AA64A5F57}.Release|Any CPU.Build.0 = Release|Any CPU
	EndGlobalSection
	GlobalSection(SolutionProperties) = preSolution
		HideSolutionNode = FALSE
	EndGlobalSection
	GlobalSection(ExtensibilityGlobals) = postSolution
		SolutionGuid = {6ED54387-7016-415C-9430-EE0601B7F9BC}
	EndGlobalSection
EndGlobal
